// !$*UTF8*$!
{
	archiveVersion = 1;
	classes = {
	};
	objectVersion = 56;
	objects = {

/* Begin PBXBuildFile section */
		655C1441294311660012BCD3 /* String.swift in Sources */ = {isa = PBXBuildFile; fileRef = 655C1440294311650012BCD3 /* String.swift */; };
		655C1447294349610012BCD3 /* Color.swift in Sources */ = {isa = PBXBuildFile; fileRef = 655C1446294349610012BCD3 /* Color.swift */; };
		6560992F2941C12000C4C060 /* View.swift in Sources */ = {isa = PBXBuildFile; fileRef = 6560992E2941C12000C4C060 /* View.swift */; };
		65676BC429346769002841B1 /* SqrmEditorApp.swift in Sources */ = {isa = PBXBuildFile; fileRef = 65676BC329346769002841B1 /* SqrmEditorApp.swift */; };
		65676BC629346769002841B1 /* SqrmDocument.swift in Sources */ = {isa = PBXBuildFile; fileRef = 65676BC529346769002841B1 /* SqrmDocument.swift */; };
		65676BCA2934676A002841B1 /* Assets.xcassets in Resources */ = {isa = PBXBuildFile; fileRef = 65676BC92934676A002841B1 /* Assets.xcassets */; };
		65676BCF2934676A002841B1 /* Preview Assets.xcassets in Resources */ = {isa = PBXBuildFile; fileRef = 65676BCE2934676A002841B1 /* Preview Assets.xcassets */; };
		65676BD92934676A002841B1 /* square_embrace_editorTests.swift in Sources */ = {isa = PBXBuildFile; fileRef = 65676BD82934676A002841B1 /* square_embrace_editorTests.swift */; };
		65676BE32934676A002841B1 /* square_embrace_editorUITests.swift in Sources */ = {isa = PBXBuildFile; fileRef = 65676BE22934676A002841B1 /* square_embrace_editorUITests.swift */; };
		65676BE52934676A002841B1 /* square_embrace_editorUITestsLaunchTests.swift in Sources */ = {isa = PBXBuildFile; fileRef = 65676BE42934676A002841B1 /* square_embrace_editorUITestsLaunchTests.swift */; };
		65BAB9AE294D6CAC00C443A7 /* XTypes.swift in Sources */ = {isa = PBXBuildFile; fileRef = 65BAB9AD294D6CAC00C443A7 /* XTypes.swift */; };
		65BAB9B2294D6E9C00C443A7 /* square-embrace-swiftui in Frameworks */ = {isa = PBXBuildFile; productRef = 65BAB9B1294D6E9C00C443A7 /* square-embrace-swiftui */; };
/* End PBXBuildFile section */

/* Begin PBXContainerItemProxy section */
		65676BD52934676A002841B1 /* PBXContainerItemProxy */ = {
			isa = PBXContainerItemProxy;
			containerPortal = 65676BB829346769002841B1 /* Project object */;
			proxyType = 1;
			remoteGlobalIDString = 65676BBF29346769002841B1;
			remoteInfo = "square-embrace-editor";
		};
		65676BDF2934676A002841B1 /* PBXContainerItemProxy */ = {
			isa = PBXContainerItemProxy;
			containerPortal = 65676BB829346769002841B1 /* Project object */;
			proxyType = 1;
			remoteGlobalIDString = 65676BBF29346769002841B1;
			remoteInfo = "square-embrace-editor";
		};
/* End PBXContainerItemProxy section */

/* Begin PBXFileReference section */
		655C1440294311650012BCD3 /* String.swift */ = {isa = PBXFileReference; lastKnownFileType = sourcecode.swift; path = String.swift; sourceTree = "<group>"; };
		655C1446294349610012BCD3 /* Color.swift */ = {isa = PBXFileReference; lastKnownFileType = sourcecode.swift; path = Color.swift; sourceTree = "<group>"; };
		6560992E2941C12000C4C060 /* View.swift */ = {isa = PBXFileReference; lastKnownFileType = sourcecode.swift; path = View.swift; sourceTree = "<group>"; };
		65676BC029346769002841B1 /* Square Embrace.app */ = {isa = PBXFileReference; explicitFileType = wrapper.application; includeInIndex = 0; path = "Square Embrace.app"; sourceTree = BUILT_PRODUCTS_DIR; };
		65676BC329346769002841B1 /* SqrmEditorApp.swift */ = {isa = PBXFileReference; lastKnownFileType = sourcecode.swift; path = SqrmEditorApp.swift; sourceTree = "<group>"; };
		65676BC529346769002841B1 /* SqrmDocument.swift */ = {isa = PBXFileReference; lastKnownFileType = sourcecode.swift; path = SqrmDocument.swift; sourceTree = "<group>"; };
		65676BC92934676A002841B1 /* Assets.xcassets */ = {isa = PBXFileReference; lastKnownFileType = folder.assetcatalog; path = Assets.xcassets; sourceTree = "<group>"; };
		65676BCB2934676A002841B1 /* Info.plist */ = {isa = PBXFileReference; lastKnownFileType = text.plist.xml; path = Info.plist; sourceTree = "<group>"; };
		65676BCC2934676A002841B1 /* square_embrace_editor.entitlements */ = {isa = PBXFileReference; lastKnownFileType = text.plist.entitlements; path = square_embrace_editor.entitlements; sourceTree = "<group>"; };
		65676BCE2934676A002841B1 /* Preview Assets.xcassets */ = {isa = PBXFileReference; lastKnownFileType = folder.assetcatalog; path = "Preview Assets.xcassets"; sourceTree = "<group>"; };
		65676BD42934676A002841B1 /* square-embrace-editorTests.xctest */ = {isa = PBXFileReference; explicitFileType = wrapper.cfbundle; includeInIndex = 0; path = "square-embrace-editorTests.xctest"; sourceTree = BUILT_PRODUCTS_DIR; };
		65676BD82934676A002841B1 /* square_embrace_editorTests.swift */ = {isa = PBXFileReference; lastKnownFileType = sourcecode.swift; path = square_embrace_editorTests.swift; sourceTree = "<group>"; };
		65676BDE2934676A002841B1 /* square-embrace-editorUITests.xctest */ = {isa = PBXFileReference; explicitFileType = wrapper.cfbundle; includeInIndex = 0; path = "square-embrace-editorUITests.xctest"; sourceTree = BUILT_PRODUCTS_DIR; };
		65676BE22934676A002841B1 /* square_embrace_editorUITests.swift */ = {isa = PBXFileReference; lastKnownFileType = sourcecode.swift; path = square_embrace_editorUITests.swift; sourceTree = "<group>"; };
		65676BE42934676A002841B1 /* square_embrace_editorUITestsLaunchTests.swift */ = {isa = PBXFileReference; lastKnownFileType = sourcecode.swift; path = square_embrace_editorUITestsLaunchTests.swift; sourceTree = "<group>"; };
		65BAB9AC294D64E300C443A7 /* square-embrace-swiftui */ = {isa = PBXFileReference; lastKnownFileType = wrapper; name = "square-embrace-swiftui"; path = "../square-embrace-swiftui"; sourceTree = "<group>"; };
		65BAB9AD294D6CAC00C443A7 /* XTypes.swift */ = {isa = PBXFileReference; fileEncoding = 4; lastKnownFileType = sourcecode.swift; path = XTypes.swift; sourceTree = "<group>"; };
/* End PBXFileReference section */

/* Begin PBXFrameworksBuildPhase section */
		65676BBD29346769002841B1 /* Frameworks */ = {
			isa = PBXFrameworksBuildPhase;
			buildActionMask = 2147483647;
			files = (
				65BAB9B2294D6E9C00C443A7 /* square-embrace-swiftui in Frameworks */,
			);
			runOnlyForDeploymentPostprocessing = 0;
		};
		65676BD12934676A002841B1 /* Frameworks */ = {
			isa = PBXFrameworksBuildPhase;
			buildActionMask = 2147483647;
			files = (
			);
			runOnlyForDeploymentPostprocessing = 0;
		};
		65676BDB2934676A002841B1 /* Frameworks */ = {
			isa = PBXFrameworksBuildPhase;
			buildActionMask = 2147483647;
			files = (
			);
			runOnlyForDeploymentPostprocessing = 0;
		};
/* End PBXFrameworksBuildPhase section */

/* Begin PBXGroup section */
		65676BB729346769002841B1 = {
			isa = PBXGroup;
			children = (
				65BAB9AB294D64E300C443A7 /* Packages */,
				65676BC229346769002841B1 /* square-embrace-editor */,
				65676BD72934676A002841B1 /* square-embrace-editorTests */,
				65676BE12934676A002841B1 /* square-embrace-editorUITests */,
				65676BC129346769002841B1 /* Products */,
				65BAB9B0294D6E9C00C443A7 /* Frameworks */,
			);
			sourceTree = "<group>";
		};
		65676BC129346769002841B1 /* Products */ = {
			isa = PBXGroup;
			children = (
				65676BC029346769002841B1 /* Square Embrace.app */,
				65676BD42934676A002841B1 /* square-embrace-editorTests.xctest */,
				65676BDE2934676A002841B1 /* square-embrace-editorUITests.xctest */,
			);
			name = Products;
			sourceTree = "<group>";
		};
		65676BC229346769002841B1 /* square-embrace-editor */ = {
			isa = PBXGroup;
			children = (
				655C1446294349610012BCD3 /* Color.swift */,
				655C1440294311650012BCD3 /* String.swift */,
				65676BC529346769002841B1 /* SqrmDocument.swift */,
				65676BC329346769002841B1 /* SqrmEditorApp.swift */,
				6560992E2941C12000C4C060 /* View.swift */,
				65BAB9AD294D6CAC00C443A7 /* XTypes.swift */,
				65676BC92934676A002841B1 /* Assets.xcassets */,
				65676BCB2934676A002841B1 /* Info.plist */,
				65676BCC2934676A002841B1 /* square_embrace_editor.entitlements */,
				65676BCD2934676A002841B1 /* Preview Content */,
			);
			path = "square-embrace-editor";
			sourceTree = "<group>";
		};
		65676BCD2934676A002841B1 /* Preview Content */ = {
			isa = PBXGroup;
			children = (
				65676BCE2934676A002841B1 /* Preview Assets.xcassets */,
			);
			path = "Preview Content";
			sourceTree = "<group>";
		};
		65676BD72934676A002841B1 /* square-embrace-editorTests */ = {
			isa = PBXGroup;
			children = (
				65676BD82934676A002841B1 /* square_embrace_editorTests.swift */,
			);
			path = "square-embrace-editorTests";
			sourceTree = "<group>";
		};
		65676BE12934676A002841B1 /* square-embrace-editorUITests */ = {
			isa = PBXGroup;
			children = (
				65676BE22934676A002841B1 /* square_embrace_editorUITests.swift */,
				65676BE42934676A002841B1 /* square_embrace_editorUITestsLaunchTests.swift */,
			);
			path = "square-embrace-editorUITests";
			sourceTree = "<group>";
		};
		65BAB9AB294D64E300C443A7 /* Packages */ = {
			isa = PBXGroup;
			children = (
				65BAB9AC294D64E300C443A7 /* square-embrace-swiftui */,
			);
			name = Packages;
			sourceTree = "<group>";
		};
		65BAB9B0294D6E9C00C443A7 /* Frameworks */ = {
			isa = PBXGroup;
			children = (
			);
			name = Frameworks;
			sourceTree = "<group>";
		};
/* End PBXGroup section */

/* Begin PBXNativeTarget section */
		65676BBF29346769002841B1 /* square-embrace-editor */ = {
			isa = PBXNativeTarget;
			buildConfigurationList = 65676BE82934676A002841B1 /* Build configuration list for PBXNativeTarget "square-embrace-editor" */;
			buildPhases = (
				65676BBC29346769002841B1 /* Sources */,
				65676BBD29346769002841B1 /* Frameworks */,
				65676BBE29346769002841B1 /* Resources */,
			);
			buildRules = (
			);
			dependencies = (
			);
			name = "square-embrace-editor";
			packageProductDependencies = (
				65BAB9B1294D6E9C00C443A7 /* square-embrace-swiftui */,
			);
			productName = "square-embrace-editor";
			productReference = 65676BC029346769002841B1 /* Square Embrace.app */;
			productType = "com.apple.product-type.application";
		};
		65676BD32934676A002841B1 /* square-embrace-editorTests */ = {
			isa = PBXNativeTarget;
			buildConfigurationList = 65676BEB2934676A002841B1 /* Build configuration list for PBXNativeTarget "square-embrace-editorTests" */;
			buildPhases = (
				65676BD02934676A002841B1 /* Sources */,
				65676BD12934676A002841B1 /* Frameworks */,
				65676BD22934676A002841B1 /* Resources */,
			);
			buildRules = (
			);
			dependencies = (
				65676BD62934676A002841B1 /* PBXTargetDependency */,
			);
			name = "square-embrace-editorTests";
			productName = "square-embrace-editorTests";
			productReference = 65676BD42934676A002841B1 /* square-embrace-editorTests.xctest */;
			productType = "com.apple.product-type.bundle.unit-test";
		};
		65676BDD2934676A002841B1 /* square-embrace-editorUITests */ = {
			isa = PBXNativeTarget;
			buildConfigurationList = 65676BEE2934676A002841B1 /* Build configuration list for PBXNativeTarget "square-embrace-editorUITests" */;
			buildPhases = (
				65676BDA2934676A002841B1 /* Sources */,
				65676BDB2934676A002841B1 /* Frameworks */,
				65676BDC2934676A002841B1 /* Resources */,
			);
			buildRules = (
			);
			dependencies = (
				65676BE02934676A002841B1 /* PBXTargetDependency */,
			);
			name = "square-embrace-editorUITests";
			productName = "square-embrace-editorUITests";
			productReference = 65676BDE2934676A002841B1 /* square-embrace-editorUITests.xctest */;
			productType = "com.apple.product-type.bundle.ui-testing";
		};
/* End PBXNativeTarget section */

/* Begin PBXProject section */
		65676BB829346769002841B1 /* Project object */ = {
			isa = PBXProject;
			attributes = {
				BuildIndependentTargetsInParallel = 1;
				LastSwiftUpdateCheck = 1410;
				LastUpgradeCheck = 1410;
				TargetAttributes = {
					65676BBF29346769002841B1 = {
						CreatedOnToolsVersion = 14.1;
					};
					65676BD32934676A002841B1 = {
						CreatedOnToolsVersion = 14.1;
						TestTargetID = 65676BBF29346769002841B1;
					};
					65676BDD2934676A002841B1 = {
						CreatedOnToolsVersion = 14.1;
						TestTargetID = 65676BBF29346769002841B1;
					};
				};
			};
			buildConfigurationList = 65676BBB29346769002841B1 /* Build configuration list for PBXProject "square-embrace-editor" */;
			compatibilityVersion = "Xcode 14.0";
			developmentRegion = en;
			hasScannedForEncodings = 0;
			knownRegions = (
				en,
				Base,
			);
			mainGroup = 65676BB729346769002841B1;
			packageReferences = (
			);
			productRefGroup = 65676BC129346769002841B1 /* Products */;
			projectDirPath = "";
			projectRoot = "";
			targets = (
				65676BBF29346769002841B1 /* square-embrace-editor */,
				65676BD32934676A002841B1 /* square-embrace-editorTests */,
				65676BDD2934676A002841B1 /* square-embrace-editorUITests */,
			);
		};
/* End PBXProject section */

/* Begin PBXResourcesBuildPhase section */
		65676BBE29346769002841B1 /* Resources */ = {
			isa = PBXResourcesBuildPhase;
			buildActionMask = 2147483647;
			files = (
				65676BCF2934676A002841B1 /* Preview Assets.xcassets in Resources */,
				65676BCA2934676A002841B1 /* Assets.xcassets in Resources */,
			);
			runOnlyForDeploymentPostprocessing = 0;
		};
		65676BD22934676A002841B1 /* Resources */ = {
			isa = PBXResourcesBuildPhase;
			buildActionMask = 2147483647;
			files = (
			);
			runOnlyForDeploymentPostprocessing = 0;
		};
		65676BDC2934676A002841B1 /* Resources */ = {
			isa = PBXResourcesBuildPhase;
			buildActionMask = 2147483647;
			files = (
			);
			runOnlyForDeploymentPostprocessing = 0;
		};
/* End PBXResourcesBuildPhase section */

/* Begin PBXSourcesBuildPhase section */
		65676BBC29346769002841B1 /* Sources */ = {
			isa = PBXSourcesBuildPhase;
			buildActionMask = 2147483647;
			files = (
				65BAB9AE294D6CAC00C443A7 /* XTypes.swift in Sources */,
				655C1441294311660012BCD3 /* String.swift in Sources */,
				65676BC629346769002841B1 /* SqrmDocument.swift in Sources */,
				655C1447294349610012BCD3 /* Color.swift in Sources */,
				65676BC429346769002841B1 /* SqrmEditorApp.swift in Sources */,
				6560992F2941C12000C4C060 /* View.swift in Sources */,
			);
			runOnlyForDeploymentPostprocessing = 0;
		};
		65676BD02934676A002841B1 /* Sources */ = {
			isa = PBXSourcesBuildPhase;
			buildActionMask = 2147483647;
			files = (
				65676BD92934676A002841B1 /* square_embrace_editorTests.swift in Sources */,
			);
			runOnlyForDeploymentPostprocessing = 0;
		};
		65676BDA2934676A002841B1 /* Sources */ = {
			isa = PBXSourcesBuildPhase;
			buildActionMask = 2147483647;
			files = (
				65676BE52934676A002841B1 /* square_embrace_editorUITestsLaunchTests.swift in Sources */,
				65676BE32934676A002841B1 /* square_embrace_editorUITests.swift in Sources */,
			);
			runOnlyForDeploymentPostprocessing = 0;
		};
/* End PBXSourcesBuildPhase section */

/* Begin PBXTargetDependency section */
		65676BD62934676A002841B1 /* PBXTargetDependency */ = {
			isa = PBXTargetDependency;
			target = 65676BBF29346769002841B1 /* square-embrace-editor */;
			targetProxy = 65676BD52934676A002841B1 /* PBXContainerItemProxy */;
		};
		65676BE02934676A002841B1 /* PBXTargetDependency */ = {
			isa = PBXTargetDependency;
			target = 65676BBF29346769002841B1 /* square-embrace-editor */;
			targetProxy = 65676BDF2934676A002841B1 /* PBXContainerItemProxy */;
		};
/* End PBXTargetDependency section */

/* Begin XCBuildConfiguration section */
		65676BE62934676A002841B1 /* Debug */ = {
			isa = XCBuildConfiguration;
			buildSettings = {
				ALWAYS_SEARCH_USER_PATHS = NO;
				CLANG_ANALYZER_NONNULL = YES;
				CLANG_ANALYZER_NUMBER_OBJECT_CONVERSION = YES_AGGRESSIVE;
				CLANG_CXX_LANGUAGE_STANDARD = "gnu++20";
				CLANG_ENABLE_MODULES = YES;
				CLANG_ENABLE_OBJC_ARC = YES;
				CLANG_ENABLE_OBJC_WEAK = YES;
				CLANG_WARN_BLOCK_CAPTURE_AUTORELEASING = YES;
				CLANG_WARN_BOOL_CONVERSION = YES;
				CLANG_WARN_COMMA = YES;
				CLANG_WARN_CONSTANT_CONVERSION = YES;
				CLANG_WARN_DEPRECATED_OBJC_IMPLEMENTATIONS = YES;
				CLANG_WARN_DIRECT_OBJC_ISA_USAGE = YES_ERROR;
				CLANG_WARN_DOCUMENTATION_COMMENTS = YES;
				CLANG_WARN_EMPTY_BODY = YES;
				CLANG_WARN_ENUM_CONVERSION = YES;
				CLANG_WARN_INFINITE_RECURSION = YES;
				CLANG_WARN_INT_CONVERSION = YES;
				CLANG_WARN_NON_LITERAL_NULL_CONVERSION = YES;
				CLANG_WARN_OBJC_IMPLICIT_RETAIN_SELF = YES;
				CLANG_WARN_OBJC_LITERAL_CONVERSION = YES;
				CLANG_WARN_OBJC_ROOT_CLASS = YES_ERROR;
				CLANG_WARN_QUOTED_INCLUDE_IN_FRAMEWORK_HEADER = YES;
				CLANG_WARN_RANGE_LOOP_ANALYSIS = YES;
				CLANG_WARN_STRICT_PROTOTYPES = YES;
				CLANG_WARN_SUSPICIOUS_MOVE = YES;
				CLANG_WARN_UNGUARDED_AVAILABILITY = YES_AGGRESSIVE;
				CLANG_WARN_UNREACHABLE_CODE = YES;
				CLANG_WARN__DUPLICATE_METHOD_MATCH = YES;
				COPY_PHASE_STRIP = NO;
				DEBUG_INFORMATION_FORMAT = dwarf;
				ENABLE_STRICT_OBJC_MSGSEND = YES;
				ENABLE_TESTABILITY = YES;
				GCC_C_LANGUAGE_STANDARD = gnu11;
				GCC_DYNAMIC_NO_PIC = NO;
				GCC_NO_COMMON_BLOCKS = YES;
				GCC_OPTIMIZATION_LEVEL = 0;
				GCC_PREPROCESSOR_DEFINITIONS = (
					"DEBUG=1",
					"$(inherited)",
				);
				GCC_WARN_64_TO_32_BIT_CONVERSION = YES;
				GCC_WARN_ABOUT_RETURN_TYPE = YES_ERROR;
				GCC_WARN_UNDECLARED_SELECTOR = YES;
				GCC_WARN_UNINITIALIZED_AUTOS = YES_AGGRESSIVE;
				GCC_WARN_UNUSED_FUNCTION = YES;
				GCC_WARN_UNUSED_VARIABLE = YES;
				MTL_ENABLE_DEBUG_INFO = INCLUDE_SOURCE;
				MTL_FAST_MATH = YES;
				ONLY_ACTIVE_ARCH = YES;
				SWIFT_ACTIVE_COMPILATION_CONDITIONS = DEBUG;
				SWIFT_OPTIMIZATION_LEVEL = "-Onone";
			};
			name = Debug;
		};
		65676BE72934676A002841B1 /* Release */ = {
			isa = XCBuildConfiguration;
			buildSettings = {
				ALWAYS_SEARCH_USER_PATHS = NO;
				CLANG_ANALYZER_NONNULL = YES;
				CLANG_ANALYZER_NUMBER_OBJECT_CONVERSION = YES_AGGRESSIVE;
				CLANG_CXX_LANGUAGE_STANDARD = "gnu++20";
				CLANG_ENABLE_MODULES = YES;
				CLANG_ENABLE_OBJC_ARC = YES;
				CLANG_ENABLE_OBJC_WEAK = YES;
				CLANG_WARN_BLOCK_CAPTURE_AUTORELEASING = YES;
				CLANG_WARN_BOOL_CONVERSION = YES;
				CLANG_WARN_COMMA = YES;
				CLANG_WARN_CONSTANT_CONVERSION = YES;
				CLANG_WARN_DEPRECATED_OBJC_IMPLEMENTATIONS = YES;
				CLANG_WARN_DIRECT_OBJC_ISA_USAGE = YES_ERROR;
				CLANG_WARN_DOCUMENTATION_COMMENTS = YES;
				CLANG_WARN_EMPTY_BODY = YES;
				CLANG_WARN_ENUM_CONVERSION = YES;
				CLANG_WARN_INFINITE_RECURSION = YES;
				CLANG_WARN_INT_CONVERSION = YES;
				CLANG_WARN_NON_LITERAL_NULL_CONVERSION = YES;
				CLANG_WARN_OBJC_IMPLICIT_RETAIN_SELF = YES;
				CLANG_WARN_OBJC_LITERAL_CONVERSION = YES;
				CLANG_WARN_OBJC_ROOT_CLASS = YES_ERROR;
				CLANG_WARN_QUOTED_INCLUDE_IN_FRAMEWORK_HEADER = YES;
				CLANG_WARN_RANGE_LOOP_ANALYSIS = YES;
				CLANG_WARN_STRICT_PROTOTYPES = YES;
				CLANG_WARN_SUSPICIOUS_MOVE = YES;
				CLANG_WARN_UNGUARDED_AVAILABILITY = YES_AGGRESSIVE;
				CLANG_WARN_UNREACHABLE_CODE = YES;
				CLANG_WARN__DUPLICATE_METHOD_MATCH = YES;
				COPY_PHASE_STRIP = NO;
				DEBUG_INFORMATION_FORMAT = "dwarf-with-dsym";
				ENABLE_NS_ASSERTIONS = NO;
				ENABLE_STRICT_OBJC_MSGSEND = YES;
				GCC_C_LANGUAGE_STANDARD = gnu11;
				GCC_NO_COMMON_BLOCKS = YES;
				GCC_WARN_64_TO_32_BIT_CONVERSION = YES;
				GCC_WARN_ABOUT_RETURN_TYPE = YES_ERROR;
				GCC_WARN_UNDECLARED_SELECTOR = YES;
				GCC_WARN_UNINITIALIZED_AUTOS = YES_AGGRESSIVE;
				GCC_WARN_UNUSED_FUNCTION = YES;
				GCC_WARN_UNUSED_VARIABLE = YES;
				MTL_ENABLE_DEBUG_INFO = NO;
				MTL_FAST_MATH = YES;
				SWIFT_COMPILATION_MODE = wholemodule;
				SWIFT_OPTIMIZATION_LEVEL = "-O";
			};
			name = Release;
		};
		65676BE92934676A002841B1 /* Debug */ = {
			isa = XCBuildConfiguration;
			buildSettings = {
				ASSETCATALOG_COMPILER_APPICON_NAME = AppIcon;
				ASSETCATALOG_COMPILER_GLOBAL_ACCENT_COLOR_NAME = AccentColor;
				CODE_SIGN_ENTITLEMENTS = "square-embrace-editor/square_embrace_editor.entitlements";
				CODE_SIGN_STYLE = Automatic;
				CURRENT_PROJECT_VERSION = 1;
				DEVELOPMENT_ASSET_PATHS = "\"square-embrace-editor/Preview Content\"";
				DEVELOPMENT_TEAM = M77RDL268X;
				ENABLE_HARDENED_RUNTIME = YES;
				"ENABLE_HARDENED_RUNTIME[sdk=macosx*]" = YES;
				ENABLE_PREVIEWS = YES;
				GENERATE_INFOPLIST_FILE = YES;
				INFOPLIST_FILE = "square-embrace-editor/Info.plist";
				"INFOPLIST_KEY_UIApplicationSceneManifest_Generation[sdk=iphoneos*]" = YES;
				"INFOPLIST_KEY_UIApplicationSceneManifest_Generation[sdk=iphonesimulator*]" = YES;
				"INFOPLIST_KEY_UIApplicationSupportsIndirectInputEvents[sdk=iphoneos*]" = YES;
				"INFOPLIST_KEY_UIApplicationSupportsIndirectInputEvents[sdk=iphonesimulator*]" = YES;
				"INFOPLIST_KEY_UILaunchScreen_Generation[sdk=iphoneos*]" = YES;
				"INFOPLIST_KEY_UILaunchScreen_Generation[sdk=iphonesimulator*]" = YES;
				"INFOPLIST_KEY_UIStatusBarStyle[sdk=iphoneos*]" = UIStatusBarStyleDefault;
				"INFOPLIST_KEY_UIStatusBarStyle[sdk=iphonesimulator*]" = UIStatusBarStyleDefault;
				INFOPLIST_KEY_UISupportedInterfaceOrientations_iPad = "UIInterfaceOrientationPortrait UIInterfaceOrientationPortraitUpsideDown UIInterfaceOrientationLandscapeLeft UIInterfaceOrientationLandscapeRight";
				INFOPLIST_KEY_UISupportedInterfaceOrientations_iPhone = "UIInterfaceOrientationPortrait UIInterfaceOrientationLandscapeLeft UIInterfaceOrientationLandscapeRight";
				"INFOPLIST_KEY_UISupportsDocumentBrowser[sdk=iphoneos*]" = YES;
				"INFOPLIST_KEY_UISupportsDocumentBrowser[sdk=iphonesimulator*]" = YES;
				IPHONEOS_DEPLOYMENT_TARGET = 16.1;
				LD_RUNPATH_SEARCH_PATHS = "@executable_path/Frameworks";
				"LD_RUNPATH_SEARCH_PATHS[sdk=macosx*]" = "@executable_path/../Frameworks";
				MACOSX_DEPLOYMENT_TARGET = 13.0;
				MARKETING_VERSION = 1.0;
				PRODUCT_BUNDLE_IDENTIFIER = "au.com.belteshazzar.square-embrace-editor";
				PRODUCT_NAME = "Square Embrace";
				SDKROOT = auto;
				SUPPORTED_PLATFORMS = "iphoneos iphonesimulator macosx";
				SWIFT_EMIT_LOC_STRINGS = YES;
				SWIFT_VERSION = 5.0;
				TARGETED_DEVICE_FAMILY = "1,2";
			};
			name = Debug;
		};
		65676BEA2934676A002841B1 /* Release */ = {
			isa = XCBuildConfiguration;
			buildSettings = {
				ASSETCATALOG_COMPILER_APPICON_NAME = AppIcon;
				ASSETCATALOG_COMPILER_GLOBAL_ACCENT_COLOR_NAME = AccentColor;
				CODE_SIGN_ENTITLEMENTS = "square-embrace-editor/square_embrace_editor.entitlements";
				CODE_SIGN_STYLE = Automatic;
				CURRENT_PROJECT_VERSION = 1;
				DEVELOPMENT_ASSET_PATHS = "\"square-embrace-editor/Preview Content\"";
				DEVELOPMENT_TEAM = M77RDL268X;
				ENABLE_HARDENED_RUNTIME = YES;
				"ENABLE_HARDENED_RUNTIME[sdk=macosx*]" = YES;
				ENABLE_PREVIEWS = YES;
				GENERATE_INFOPLIST_FILE = YES;
				INFOPLIST_FILE = "square-embrace-editor/Info.plist";
				"INFOPLIST_KEY_UIApplicationSceneManifest_Generation[sdk=iphoneos*]" = YES;
				"INFOPLIST_KEY_UIApplicationSceneManifest_Generation[sdk=iphonesimulator*]" = YES;
				"INFOPLIST_KEY_UIApplicationSupportsIndirectInputEvents[sdk=iphoneos*]" = YES;
				"INFOPLIST_KEY_UIApplicationSupportsIndirectInputEvents[sdk=iphonesimulator*]" = YES;
				"INFOPLIST_KEY_UILaunchScreen_Generation[sdk=iphoneos*]" = YES;
				"INFOPLIST_KEY_UILaunchScreen_Generation[sdk=iphonesimulator*]" = YES;
				"INFOPLIST_KEY_UIStatusBarStyle[sdk=iphoneos*]" = UIStatusBarStyleDefault;
				"INFOPLIST_KEY_UIStatusBarStyle[sdk=iphonesimulator*]" = UIStatusBarStyleDefault;
				INFOPLIST_KEY_UISupportedInterfaceOrientations_iPad = "UIInterfaceOrientationPortrait UIInterfaceOrientationPortraitUpsideDown UIInterfaceOrientationLandscapeLeft UIInterfaceOrientationLandscapeRight";
				INFOPLIST_KEY_UISupportedInterfaceOrientations_iPhone = "UIInterfaceOrientationPortrait UIInterfaceOrientationLandscapeLeft UIInterfaceOrientationLandscapeRight";
				"INFOPLIST_KEY_UISupportsDocumentBrowser[sdk=iphoneos*]" = YES;
				"INFOPLIST_KEY_UISupportsDocumentBrowser[sdk=iphonesimulator*]" = YES;
				IPHONEOS_DEPLOYMENT_TARGET = 16.1;
				LD_RUNPATH_SEARCH_PATHS = "@executable_path/Frameworks";
				"LD_RUNPATH_SEARCH_PATHS[sdk=macosx*]" = "@executable_path/../Frameworks";
				MACOSX_DEPLOYMENT_TARGET = 13.0;
				MARKETING_VERSION = 1.0;
				PRODUCT_BUNDLE_IDENTIFIER = "au.com.belteshazzar.square-embrace-editor";
				PRODUCT_NAME = "Square Embrace";
				SDKROOT = auto;
				SUPPORTED_PLATFORMS = "iphoneos iphonesimulator macosx";
				SWIFT_EMIT_LOC_STRINGS = YES;
				SWIFT_VERSION = 5.0;
				TARGETED_DEVICE_FAMILY = "1,2";
			};
			name = Release;
		};
		65676BEC2934676A002841B1 /* Debug */ = {
			isa = XCBuildConfiguration;
			buildSettings = {
				ALWAYS_EMBED_SWIFT_STANDARD_LIBRARIES = YES;
				BUNDLE_LOADER = "$(TEST_HOST)";
				CODE_SIGN_STYLE = Automatic;
				CURRENT_PROJECT_VERSION = 1;
				DEVELOPMENT_TEAM = M77RDL268X;
				GENERATE_INFOPLIST_FILE = YES;
				IPHONEOS_DEPLOYMENT_TARGET = 16.1;
				MACOSX_DEPLOYMENT_TARGET = 13.0;
				MARKETING_VERSION = 1.0;
				PRODUCT_BUNDLE_IDENTIFIER = "au.com.belteshazzar.square-embrace-editorTests";
				PRODUCT_NAME = "$(TARGET_NAME)";
				SDKROOT = auto;
				SUPPORTED_PLATFORMS = "iphoneos iphonesimulator macosx";
				SWIFT_EMIT_LOC_STRINGS = NO;
				SWIFT_VERSION = 5.0;
				TARGETED_DEVICE_FAMILY = "1,2";
				TEST_HOST = "$(BUILT_PRODUCTS_DIR)/square-embrace-editor.app/$(BUNDLE_EXECUTABLE_FOLDER_PATH)/square-embrace-editor";
			};
			name = Debug;
		};
		65676BED2934676A002841B1 /* Release */ = {
			isa = XCBuildConfiguration;
			buildSettings = {
				ALWAYS_EMBED_SWIFT_STANDARD_LIBRARIES = YES;
				BUNDLE_LOADER = "$(TEST_HOST)";
				CODE_SIGN_STYLE = Automatic;
				CURRENT_PROJECT_VERSION = 1;
				DEVELOPMENT_TEAM = M77RDL268X;
				GENERATE_INFOPLIST_FILE = YES;
				IPHONEOS_DEPLOYMENT_TARGET = 16.1;
				MACOSX_DEPLOYMENT_TARGET = 13.0;
				MARKETING_VERSION = 1.0;
				PRODUCT_BUNDLE_IDENTIFIER = "au.com.belteshazzar.square-embrace-editorTests";
				PRODUCT_NAME = "$(TARGET_NAME)";
				SDKROOT = auto;
				SUPPORTED_PLATFORMS = "iphoneos iphonesimulator macosx";
				SWIFT_EMIT_LOC_STRINGS = NO;
				SWIFT_VERSION = 5.0;
				TARGETED_DEVICE_FAMILY = "1,2";
				TEST_HOST = "$(BUILT_PRODUCTS_DIR)/square-embrace-editor.app/$(BUNDLE_EXECUTABLE_FOLDER_PATH)/square-embrace-editor";
			};
			name = Release;
		};
		65676BEF2934676A002841B1 /* Debug */ = {
			isa = XCBuildConfiguration;
			buildSettings = {
				ALWAYS_EMBED_SWIFT_STANDARD_LIBRARIES = YES;
				CODE_SIGN_STYLE = Automatic;
				CURRENT_PROJECT_VERSION = 1;
				DEVELOPMENT_TEAM = M77RDL268X;
				GENERATE_INFOPLIST_FILE = YES;
				IPHONEOS_DEPLOYMENT_TARGET = 16.1;
				MACOSX_DEPLOYMENT_TARGET = 13.0;
				MARKETING_VERSION = 1.0;
				PRODUCT_BUNDLE_IDENTIFIER = "au.com.belteshazzar.square-embrace-editorUITests";
				PRODUCT_NAME = "$(TARGET_NAME)";
				SDKROOT = auto;
				SUPPORTED_PLATFORMS = "iphoneos iphonesimulator macosx";
				SWIFT_EMIT_LOC_STRINGS = NO;
				SWIFT_VERSION = 5.0;
				TARGETED_DEVICE_FAMILY = "1,2";
				TEST_TARGET_NAME = "square-embrace-editor";
			};
			name = Debug;
		};
		65676BF02934676A002841B1 /* Release */ = {
			isa = XCBuildConfiguration;
			buildSettings = {
				ALWAYS_EMBED_SWIFT_STANDARD_LIBRARIES = YES;
				CODE_SIGN_STYLE = Automatic;
				CURRENT_PROJECT_VERSION = 1;
				DEVELOPMENT_TEAM = M77RDL268X;
				GENERATE_INFOPLIST_FILE = YES;
				IPHONEOS_DEPLOYMENT_TARGET = 16.1;
				MACOSX_DEPLOYMENT_TARGET = 13.0;
				MARKETING_VERSION = 1.0;
				PRODUCT_BUNDLE_IDENTIFIER = "au.com.belteshazzar.square-embrace-editorUITests";
				PRODUCT_NAME = "$(TARGET_NAME)";
				SDKROOT = auto;
				SUPPORTED_PLATFORMS = "iphoneos iphonesimulator macosx";
				SWIFT_EMIT_LOC_STRINGS = NO;
				SWIFT_VERSION = 5.0;
				TARGETED_DEVICE_FAMILY = "1,2";
				TEST_TARGET_NAME = "square-embrace-editor";
			};
			name = Release;
		};
/* End XCBuildConfiguration section */

/* Begin XCConfigurationList section */
		65676BBB29346769002841B1 /* Build configuration list for PBXProject "square-embrace-editor" */ = {
			isa = XCConfigurationList;
			buildConfigurations = (
				65676BE62934676A002841B1 /* Debug */,
				65676BE72934676A002841B1 /* Release */,
			);
			defaultConfigurationIsVisible = 0;
			defaultConfigurationName = Release;
		};
		65676BE82934676A002841B1 /* Build configuration list for PBXNativeTarget "square-embrace-editor" */ = {
			isa = XCConfigurationList;
			buildConfigurations = (
				65676BE92934676A002841B1 /* Debug */,
				65676BEA2934676A002841B1 /* Release */,
			);
			defaultConfigurationIsVisible = 0;
			defaultConfigurationName = Release;
		};
		65676BEB2934676A002841B1 /* Build configuration list for PBXNativeTarget "square-embrace-editorTests" */ = {
			isa = XCConfigurationList;
			buildConfigurations = (
				65676BEC2934676A002841B1 /* Debug */,
				65676BED2934676A002841B1 /* Release */,
			);
			defaultConfigurationIsVisible = 0;
			defaultConfigurationName = Release;
		};
		65676BEE2934676A002841B1 /* Build configuration list for PBXNativeTarget "square-embrace-editorUITests" */ = {
			isa = XCConfigurationList;
			buildConfigurations = (
				65676BEF2934676A002841B1 /* Debug */,
				65676BF02934676A002841B1 /* Release */,
			);
			defaultConfigurationIsVisible = 0;
			defaultConfigurationName = Release;
		};
/* End XCConfigurationList section */

/* Begin XCSwiftPackageProductDependency section */
		65BAB9B1294D6E9C00C443A7 /* square-embrace-swiftui */ = {
			isa = XCSwiftPackageProductDependency;
			productName = "square-embrace-swiftui";
		};
/* End XCSwiftPackageProductDependency section */
	};
	rootObject = 65676BB829346769002841B1 /* Project object */;
}
